// !$*UTF8*$!
{
	archiveVersion = 1;
	classes = {
	};
	objectVersion = 56;
	objects = {

/* Begin PBXBuildFile section */
		4AA6466A2C2A97CD00713C7B /* simmathApp.swift in Sources */ = {isa = PBXBuildFile; fileRef = 4AA646692C2A97CD00713C7B /* simmathApp.swift */; };
		4AA6466C2C2A97CD00713C7B /* ContentView.swift in Sources */ = {isa = PBXBuildFile; fileRef = 4AA6466B2C2A97CD00713C7B /* ContentView.swift */; };
		4AA6466E2C2A97D000713C7B /* Assets.xcassets in Resources */ = {isa = PBXBuildFile; fileRef = 4AA6466D2C2A97D000713C7B /* Assets.xcassets */; };
		4AA646722C2A97D000713C7B /* Preview Assets.xcassets in Resources */ = {isa = PBXBuildFile; fileRef = 4AA646712C2A97D000713C7B /* Preview Assets.xcassets */; };
		4AA6467C2C2A97D000713C7B /* simmathTests.swift in Sources */ = {isa = PBXBuildFile; fileRef = 4AA6467B2C2A97D000713C7B /* simmathTests.swift */; };
		4AA646862C2A97D000713C7B /* simmathUITests.swift in Sources */ = {isa = PBXBuildFile; fileRef = 4AA646852C2A97D000713C7B /* simmathUITests.swift */; };
		4AA646882C2A97D000713C7B /* simmathUITestsLaunchTests.swift in Sources */ = {isa = PBXBuildFile; fileRef = 4AA646872C2A97D000713C7B /* simmathUITestsLaunchTests.swift */; };
/* End PBXBuildFile section */

/* Begin PBXContainerItemProxy section */
		4AA646782C2A97D000713C7B /* PBXContainerItemProxy */ = {
			isa = PBXContainerItemProxy;
			containerPortal = 4AA6465E2C2A97CD00713C7B /* Project object */;
			proxyType = 1;
			remoteGlobalIDString = 4AA646652C2A97CD00713C7B;
			remoteInfo = simmath;
		};
		4AA646822C2A97D000713C7B /* PBXContainerItemProxy */ = {
			isa = PBXContainerItemProxy;
			containerPortal = 4AA6465E2C2A97CD00713C7B /* Project object */;
			proxyType = 1;
			remoteGlobalIDString = 4AA646652C2A97CD00713C7B;
			remoteInfo = simmath;
		};
/* End PBXContainerItemProxy section */

/* Begin PBXFileReference section */
		4AA646662C2A97CD00713C7B /* simmath.app */ = {isa = PBXFileReference; explicitFileType = wrapper.application; includeInIndex = 0; path = simmath.app; sourceTree = BUILT_PRODUCTS_DIR; };
		4AA646692C2A97CD00713C7B /* simmathApp.swift */ = {isa = PBXFileReference; lastKnownFileType = sourcecode.swift; path = simmathApp.swift; sourceTree = "<group>"; };
		4AA6466B2C2A97CD00713C7B /* ContentView.swift */ = {isa = PBXFileReference; lastKnownFileType = sourcecode.swift; path = ContentView.swift; sourceTree = "<group>"; };
		4AA6466D2C2A97D000713C7B /* Assets.xcassets */ = {isa = PBXFileReference; lastKnownFileType = folder.assetcatalog; path = Assets.xcassets; sourceTree = "<group>"; };
		4AA6466F2C2A97D000713C7B /* simmath.entitlements */ = {isa = PBXFileReference; lastKnownFileType = text.plist.entitlements; path = simmath.entitlements; sourceTree = "<group>"; };
		4AA646712C2A97D000713C7B /* Preview Assets.xcassets */ = {isa = PBXFileReference; lastKnownFileType = folder.assetcatalog; path = "Preview Assets.xcassets"; sourceTree = "<group>"; };
		4AA646772C2A97D000713C7B /* simmathTests.xctest */ = {isa = PBXFileReference; explicitFileType = wrapper.cfbundle; includeInIndex = 0; path = simmathTests.xctest; sourceTree = BUILT_PRODUCTS_DIR; };
		4AA6467B2C2A97D000713C7B /* simmathTests.swift */ = {isa = PBXFileReference; lastKnownFileType = sourcecode.swift; path = simmathTests.swift; sourceTree = "<group>"; };
		4AA646812C2A97D000713C7B /* simmathUITests.xctest */ = {isa = PBXFileReference; explicitFileType = wrapper.cfbundle; includeInIndex = 0; path = simmathUITests.xctest; sourceTree = BUILT_PRODUCTS_DIR; };
		4AA646852C2A97D000713C7B /* simmathUITests.swift */ = {isa = PBXFileReference; lastKnownFileType = sourcecode.swift; path = simmathUITests.swift; sourceTree = "<group>"; };
		4AA646872C2A97D000713C7B /* simmathUITestsLaunchTests.swift */ = {isa = PBXFileReference; lastKnownFileType = sourcecode.swift; path = simmathUITestsLaunchTests.swift; sourceTree = "<group>"; };
/* End PBXFileReference section */

/* Begin PBXFrameworksBuildPhase section */
		4AA646632C2A97CD00713C7B /* Frameworks */ = {
			isa = PBXFrameworksBuildPhase;
			buildActionMask = 2147483647;
			files = (
			);
			runOnlyForDeploymentPostprocessing = 0;
		};
		4AA646742C2A97D000713C7B /* Frameworks */ = {
			isa = PBXFrameworksBuildPhase;
			buildActionMask = 2147483647;
			files = (
			);
			runOnlyForDeploymentPostprocessing = 0;
		};
		4AA6467E2C2A97D000713C7B /* Frameworks */ = {
			isa = PBXFrameworksBuildPhase;
			buildActionMask = 2147483647;
			files = (
			);
			runOnlyForDeploymentPostprocessing = 0;
		};
/* End PBXFrameworksBuildPhase section */

/* Begin PBXGroup section */
		4AA6465D2C2A97CD00713C7B = {
			isa = PBXGroup;
			children = (
				4AA646682C2A97CD00713C7B /* simmath */,
				4AA6467A2C2A97D000713C7B /* simmathTests */,
				4AA646842C2A97D000713C7B /* simmathUITests */,
				4AA646672C2A97CD00713C7B /* Products */,
			);
			sourceTree = "<group>";
		};
		4AA646672C2A97CD00713C7B /* Products */ = {
			isa = PBXGroup;
			children = (
				4AA646662C2A97CD00713C7B /* simmath.app */,
				4AA646772C2A97D000713C7B /* simmathTests.xctest */,
				4AA646812C2A97D000713C7B /* simmathUITests.xctest */,
			);
			name = Products;
			sourceTree = "<group>";
		};
		4AA646682C2A97CD00713C7B /* simmath */ = {
			isa = PBXGroup;
			children = (
				4AA646692C2A97CD00713C7B /* simmathApp.swift */,
				4AA6466B2C2A97CD00713C7B /* ContentView.swift */,
				4AA6466D2C2A97D000713C7B /* Assets.xcassets */,
				4AA6466F2C2A97D000713C7B /* simmath.entitlements */,
				4AA646702C2A97D000713C7B /* Preview Content */,
			);
			path = simmath;
			sourceTree = "<group>";
		};
		4AA646702C2A97D000713C7B /* Preview Content */ = {
			isa = PBXGroup;
			children = (
				4AA646712C2A97D000713C7B /* Preview Assets.xcassets */,
			);
			path = "Preview Content";
			sourceTree = "<group>";
		};
		4AA6467A2C2A97D000713C7B /* simmathTests */ = {
			isa = PBXGroup;
			children = (
				4AA6467B2C2A97D000713C7B /* simmathTests.swift */,
			);
			path = simmathTests;
			sourceTree = "<group>";
		};
		4AA646842C2A97D000713C7B /* simmathUITests */ = {
			isa = PBXGroup;
			children = (
				4AA646852C2A97D000713C7B /* simmathUITests.swift */,
				4AA646872C2A97D000713C7B /* simmathUITestsLaunchTests.swift */,
			);
			path = simmathUITests;
			sourceTree = "<group>";
		};
/* End PBXGroup section */

/* Begin PBXNativeTarget section */
		4AA646652C2A97CD00713C7B /* simmath */ = {
			isa = PBXNativeTarget;
			buildConfigurationList = 4AA6468B2C2A97D000713C7B /* Build configuration list for PBXNativeTarget "simmath" */;
			buildPhases = (
				4AA646622C2A97CD00713C7B /* Sources */,
				4AA646632C2A97CD00713C7B /* Frameworks */,
				4AA646642C2A97CD00713C7B /* Resources */,
			);
			buildRules = (
			);
			dependencies = (
			);
			name = simmath;
			productName = simmath;
			productReference = 4AA646662C2A97CD00713C7B /* simmath.app */;
			productType = "com.apple.product-type.application";
		};
		4AA646762C2A97D000713C7B /* simmathTests */ = {
			isa = PBXNativeTarget;
			buildConfigurationList = 4AA6468E2C2A97D000713C7B /* Build configuration list for PBXNativeTarget "simmathTests" */;
			buildPhases = (
				4AA646732C2A97D000713C7B /* Sources */,
				4AA646742C2A97D000713C7B /* Frameworks */,
				4AA646752C2A97D000713C7B /* Resources */,
			);
			buildRules = (
			);
			dependencies = (
				4AA646792C2A97D000713C7B /* PBXTargetDependency */,
			);
			name = simmathTests;
			productName = simmathTests;
			productReference = 4AA646772C2A97D000713C7B /* simmathTests.xctest */;
			productType = "com.apple.product-type.bundle.unit-test";
		};
		4AA646802C2A97D000713C7B /* simmathUITests */ = {
			isa = PBXNativeTarget;
			buildConfigurationList = 4AA646912C2A97D000713C7B /* Build configuration list for PBXNativeTarget "simmathUITests" */;
			buildPhases = (
				4AA6467D2C2A97D000713C7B /* Sources */,
				4AA6467E2C2A97D000713C7B /* Frameworks */,
				4AA6467F2C2A97D000713C7B /* Resources */,
			);
			buildRules = (
			);
			dependencies = (
				4AA646832C2A97D000713C7B /* PBXTargetDependency */,
			);
			name = simmathUITests;
			productName = simmathUITests;
			productReference = 4AA646812C2A97D000713C7B /* simmathUITests.xctest */;
			productType = "com.apple.product-type.bundle.ui-testing";
		};
/* End PBXNativeTarget section */

/* Begin PBXProject section */
		4AA6465E2C2A97CD00713C7B /* Project object */ = {
			isa = PBXProject;
			attributes = {
				BuildIndependentTargetsInParallel = 1;
				LastSwiftUpdateCheck = 1540;
				LastUpgradeCheck = 1540;
				TargetAttributes = {
					4AA646652C2A97CD00713C7B = {
						CreatedOnToolsVersion = 15.4;
					};
					4AA646762C2A97D000713C7B = {
						CreatedOnToolsVersion = 15.4;
						TestTargetID = 4AA646652C2A97CD00713C7B;
					};
					4AA646802C2A97D000713C7B = {
						CreatedOnToolsVersion = 15.4;
						TestTargetID = 4AA646652C2A97CD00713C7B;
					};
				};
			};
			buildConfigurationList = 4AA646612C2A97CD00713C7B /* Build configuration list for PBXProject "simmath" */;
			compatibilityVersion = "Xcode 14.0";
			developmentRegion = en;
			hasScannedForEncodings = 0;
			knownRegions = (
				en,
				Base,
			);
			mainGroup = 4AA6465D2C2A97CD00713C7B;
			productRefGroup = 4AA646672C2A97CD00713C7B /* Products */;
			projectDirPath = "";
			projectRoot = "";
			targets = (
				4AA646652C2A97CD00713C7B /* simmath */,
				4AA646762C2A97D000713C7B /* simmathTests */,
				4AA646802C2A97D000713C7B /* simmathUITests */,
			);
		};
/* End PBXProject section */

/* Begin PBXResourcesBuildPhase section */
		4AA646642C2A97CD00713C7B /* Resources */ = {
			isa = PBXResourcesBuildPhase;
			buildActionMask = 2147483647;
			files = (
				4AA646722C2A97D000713C7B /* Preview Assets.xcassets in Resources */,
				4AA6466E2C2A97D000713C7B /* Assets.xcassets in Resources */,
			);
			runOnlyForDeploymentPostprocessing = 0;
		};
		4AA646752C2A97D000713C7B /* Resources */ = {
			isa = PBXResourcesBuildPhase;
			buildActionMask = 2147483647;
			files = (
			);
			runOnlyForDeploymentPostprocessing = 0;
		};
		4AA6467F2C2A97D000713C7B /* Resources */ = {
			isa = PBXResourcesBuildPhase;
			buildActionMask = 2147483647;
			files = (
			);
			runOnlyForDeploymentPostprocessing = 0;
		};
/* End PBXResourcesBuildPhase section */

/* Begin PBXSourcesBuildPhase section */
		4AA646622C2A97CD00713C7B /* Sources */ = {
			isa = PBXSourcesBuildPhase;
			buildActionMask = 2147483647;
			files = (
				4AA6466C2C2A97CD00713C7B /* ContentView.swift in Sources */,
				4AA6466A2C2A97CD00713C7B /* simmathApp.swift in Sources */,
			);
			runOnlyForDeploymentPostprocessing = 0;
		};
		4AA646732C2A97D000713C7B /* Sources */ = {
			isa = PBXSourcesBuildPhase;
			buildActionMask = 2147483647;
			files = (
				4AA6467C2C2A97D000713C7B /* simmathTests.swift in Sources */,
			);
			runOnlyForDeploymentPostprocessing = 0;
		};
		4AA6467D2C2A97D000713C7B /* Sources */ = {
			isa = PBXSourcesBuildPhase;
			buildActionMask = 2147483647;
			files = (
				4AA646882C2A97D000713C7B /* simmathUITestsLaunchTests.swift in Sources */,
				4AA646862C2A97D000713C7B /* simmathUITests.swift in Sources */,
			);
			runOnlyForDeploymentPostprocessing = 0;
		};
/* End PBXSourcesBuildPhase section */

/* Begin PBXTargetDependency section */
		4AA646792C2A97D000713C7B /* PBXTargetDependency */ = {
			isa = PBXTargetDependency;
			target = 4AA646652C2A97CD00713C7B /* simmath */;
			targetProxy = 4AA646782C2A97D000713C7B /* PBXContainerItemProxy */;
		};
		4AA646832C2A97D000713C7B /* PBXTargetDependency */ = {
			isa = PBXTargetDependency;
			target = 4AA646652C2A97CD00713C7B /* simmath */;
			targetProxy = 4AA646822C2A97D000713C7B /* PBXContainerItemProxy */;
		};
/* End PBXTargetDependency section */

/* Begin XCBuildConfiguration section */
		4AA646892C2A97D000713C7B /* Debug */ = {
			isa = XCBuildConfiguration;
			buildSettings = {
				ALWAYS_SEARCH_USER_PATHS = NO;
				ASSETCATALOG_COMPILER_GENERATE_SWIFT_ASSET_SYMBOL_EXTENSIONS = YES;
				CLANG_ANALYZER_NONNULL = YES;
				CLANG_ANALYZER_NUMBER_OBJECT_CONVERSION = YES_AGGRESSIVE;
				CLANG_CXX_LANGUAGE_STANDARD = "gnu++20";
				CLANG_ENABLE_MODULES = YES;
				CLANG_ENABLE_OBJC_ARC = YES;
				CLANG_ENABLE_OBJC_WEAK = YES;
				CLANG_WARN_BLOCK_CAPTURE_AUTORELEASING = YES;
				CLANG_WARN_BOOL_CONVERSION = YES;
				CLANG_WARN_COMMA = YES;
				CLANG_WARN_CONSTANT_CONVERSION = YES;
				CLANG_WARN_DEPRECATED_OBJC_IMPLEMENTATIONS = YES;
				CLANG_WARN_DIRECT_OBJC_ISA_USAGE = YES_ERROR;
				CLANG_WARN_DOCUMENTATION_COMMENTS = YES;
				CLANG_WARN_EMPTY_BODY = YES;
				CLANG_WARN_ENUM_CONVERSION = YES;
				CLANG_WARN_INFINITE_RECURSION = YES;
				CLANG_WARN_INT_CONVERSION = YES;
				CLANG_WARN_NON_LITERAL_NULL_CONVERSION = YES;
				CLANG_WARN_OBJC_IMPLICIT_RETAIN_SELF = YES;
				CLANG_WARN_OBJC_LITERAL_CONVERSION = YES;
				CLANG_WARN_OBJC_ROOT_CLASS = YES_ERROR;
				CLANG_WARN_QUOTED_INCLUDE_IN_FRAMEWORK_HEADER = YES;
				CLANG_WARN_RANGE_LOOP_ANALYSIS = YES;
				CLANG_WARN_STRICT_PROTOTYPES = YES;
				CLANG_WARN_SUSPICIOUS_MOVE = YES;
				CLANG_WARN_UNGUARDED_AVAILABILITY = YES_AGGRESSIVE;
				CLANG_WARN_UNREACHABLE_CODE = YES;
				CLANG_WARN__DUPLICATE_METHOD_MATCH = YES;
				COPY_PHASE_STRIP = NO;
				DEBUG_INFORMATION_FORMAT = dwarf;
				ENABLE_STRICT_OBJC_MSGSEND = YES;
				ENABLE_TESTABILITY = YES;
				ENABLE_USER_SCRIPT_SANDBOXING = YES;
				GCC_C_LANGUAGE_STANDARD = gnu17;
				GCC_DYNAMIC_NO_PIC = NO;
				GCC_NO_COMMON_BLOCKS = YES;
				GCC_OPTIMIZATION_LEVEL = 0;
				GCC_PREPROCESSOR_DEFINITIONS = (
					"DEBUG=1",
					"$(inherited)",
				);
				GCC_WARN_64_TO_32_BIT_CONVERSION = YES;
				GCC_WARN_ABOUT_RETURN_TYPE = YES_ERROR;
				GCC_WARN_UNDECLARED_SELECTOR = YES;
				GCC_WARN_UNINITIALIZED_AUTOS = YES_AGGRESSIVE;
				GCC_WARN_UNUSED_FUNCTION = YES;
				GCC_WARN_UNUSED_VARIABLE = YES;
				LOCALIZATION_PREFERS_STRING_CATALOGS = YES;
				MTL_ENABLE_DEBUG_INFO = INCLUDE_SOURCE;
				MTL_FAST_MATH = YES;
				ONLY_ACTIVE_ARCH = YES;
				SWIFT_ACTIVE_COMPILATION_CONDITIONS = "DEBUG $(inherited)";
				SWIFT_OPTIMIZATION_LEVEL = "-Onone";
			};
			name = Debug;
		};
		4AA6468A2C2A97D000713C7B /* Release */ = {
			isa = XCBuildConfiguration;
			buildSettings = {
				ALWAYS_SEARCH_USER_PATHS = NO;
				ASSETCATALOG_COMPILER_GENERATE_SWIFT_ASSET_SYMBOL_EXTENSIONS = YES;
				CLANG_ANALYZER_NONNULL = YES;
				CLANG_ANALYZER_NUMBER_OBJECT_CONVERSION = YES_AGGRESSIVE;
				CLANG_CXX_LANGUAGE_STANDARD = "gnu++20";
				CLANG_ENABLE_MODULES = YES;
				CLANG_ENABLE_OBJC_ARC = YES;
				CLANG_ENABLE_OBJC_WEAK = YES;
				CLANG_WARN_BLOCK_CAPTURE_AUTORELEASING = YES;
				CLANG_WARN_BOOL_CONVERSION = YES;
				CLANG_WARN_COMMA = YES;
				CLANG_WARN_CONSTANT_CONVERSION = YES;
				CLANG_WARN_DEPRECATED_OBJC_IMPLEMENTATIONS = YES;
				CLANG_WARN_DIRECT_OBJC_ISA_USAGE = YES_ERROR;
				CLANG_WARN_DOCUMENTATION_COMMENTS = YES;
				CLANG_WARN_EMPTY_BODY = YES;
				CLANG_WARN_ENUM_CONVERSION = YES;
				CLANG_WARN_INFINITE_RECURSION = YES;
				CLANG_WARN_INT_CONVERSION = YES;
				CLANG_WARN_NON_LITERAL_NULL_CONVERSION = YES;
				CLANG_WARN_OBJC_IMPLICIT_RETAIN_SELF = YES;
				CLANG_WARN_OBJC_LITERAL_CONVERSION = YES;
				CLANG_WARN_OBJC_ROOT_CLASS = YES_ERROR;
				CLANG_WARN_QUOTED_INCLUDE_IN_FRAMEWORK_HEADER = YES;
				CLANG_WARN_RANGE_LOOP_ANALYSIS = YES;
				CLANG_WARN_STRICT_PROTOTYPES = YES;
				CLANG_WARN_SUSPICIOUS_MOVE = YES;
				CLANG_WARN_UNGUARDED_AVAILABILITY = YES_AGGRESSIVE;
				CLANG_WARN_UNREACHABLE_CODE = YES;
				CLANG_WARN__DUPLICATE_METHOD_MATCH = YES;
				COPY_PHASE_STRIP = NO;
				DEBUG_INFORMATION_FORMAT = "dwarf-with-dsym";
				ENABLE_NS_ASSERTIONS = NO;
				ENABLE_STRICT_OBJC_MSGSEND = YES;
				ENABLE_USER_SCRIPT_SANDBOXING = YES;
				GCC_C_LANGUAGE_STANDARD = gnu17;
				GCC_NO_COMMON_BLOCKS = YES;
				GCC_WARN_64_TO_32_BIT_CONVERSION = YES;
				GCC_WARN_ABOUT_RETURN_TYPE = YES_ERROR;
				GCC_WARN_UNDECLARED_SELECTOR = YES;
				GCC_WARN_UNINITIALIZED_AUTOS = YES_AGGRESSIVE;
				GCC_WARN_UNUSED_FUNCTION = YES;
				GCC_WARN_UNUSED_VARIABLE = YES;
				LOCALIZATION_PREFERS_STRING_CATALOGS = YES;
				MTL_ENABLE_DEBUG_INFO = NO;
				MTL_FAST_MATH = YES;
				SWIFT_COMPILATION_MODE = wholemodule;
			};
			name = Release;
		};
		4AA6468C2C2A97D000713C7B /* Debug */ = {
			isa = XCBuildConfiguration;
			buildSettings = {
				ASSETCATALOG_COMPILER_APPICON_NAME = AppIcon;
				ASSETCATALOG_COMPILER_GLOBAL_ACCENT_COLOR_NAME = AccentColor;
				CODE_SIGN_ENTITLEMENTS = simmath/simmath.entitlements;
				CODE_SIGN_STYLE = Automatic;
				CURRENT_PROJECT_VERSION = 1;
				DEVELOPMENT_ASSET_PATHS = "\"simmath/Preview Content\"";
				ENABLE_PREVIEWS = YES;
				GENERATE_INFOPLIST_FILE = YES;
				INFOPLIST_KEY_LSApplicationCategoryType = "public.app-category.developer-tools";
				"INFOPLIST_KEY_UIApplicationSceneManifest_Generation[sdk=iphoneos*]" = YES;
				"INFOPLIST_KEY_UIApplicationSceneManifest_Generation[sdk=iphonesimulator*]" = YES;
				"INFOPLIST_KEY_UIApplicationSupportsIndirectInputEvents[sdk=iphoneos*]" = YES;
				"INFOPLIST_KEY_UIApplicationSupportsIndirectInputEvents[sdk=iphonesimulator*]" = YES;
				"INFOPLIST_KEY_UILaunchScreen_Generation[sdk=iphoneos*]" = YES;
				"INFOPLIST_KEY_UILaunchScreen_Generation[sdk=iphonesimulator*]" = YES;
				"INFOPLIST_KEY_UIStatusBarStyle[sdk=iphoneos*]" = UIStatusBarStyleDefault;
				"INFOPLIST_KEY_UIStatusBarStyle[sdk=iphonesimulator*]" = UIStatusBarStyleDefault;
				INFOPLIST_KEY_UISupportedInterfaceOrientations_iPad = "UIInterfaceOrientationPortrait UIInterfaceOrientationPortraitUpsideDown UIInterfaceOrientationLandscapeLeft UIInterfaceOrientationLandscapeRight";
				INFOPLIST_KEY_UISupportedInterfaceOrientations_iPhone = "UIInterfaceOrientationPortrait UIInterfaceOrientationLandscapeLeft UIInterfaceOrientationLandscapeRight";
				IPHONEOS_DEPLOYMENT_TARGET = 17.5;
				LD_RUNPATH_SEARCH_PATHS = "@executable_path/Frameworks";
				"LD_RUNPATH_SEARCH_PATHS[sdk=macosx*]" = "@executable_path/../Frameworks";
				MACOSX_DEPLOYMENT_TARGET = 14.5;
				MARKETING_VERSION = 1.0;
				PRODUCT_BUNDLE_IDENTIFIER = ai.skydom.simmath;
				PRODUCT_NAME = "$(TARGET_NAME)";
				SDKROOT = auto;
				SUPPORTED_PLATFORMS = "iphoneos iphonesimulator";
				SUPPORTS_MACCATALYST = NO;
				SWIFT_EMIT_LOC_STRINGS = YES;
				SWIFT_VERSION = 5.0;
				TARGETED_DEVICE_FAMILY = "1,2";
			};
			name = Debug;
		};
		4AA6468D2C2A97D000713C7B /* Release */ = {
			isa = XCBuildConfiguration;
			buildSettings = {
				ASSETCATALOG_COMPILER_APPICON_NAME = AppIcon;
				ASSETCATALOG_COMPILER_GLOBAL_ACCENT_COLOR_NAME = AccentColor;
				CODE_SIGN_ENTITLEMENTS = simmath/simmath.entitlements;
				CODE_SIGN_STYLE = Automatic;
				CURRENT_PROJECT_VERSION = 1;
				DEVELOPMENT_ASSET_PATHS = "\"simmath/Preview Content\"";
				ENABLE_PREVIEWS = YES;
				GENERATE_INFOPLIST_FILE = YES;
				INFOPLIST_KEY_LSApplicationCategoryType = "public.app-category.developer-tools";
				"INFOPLIST_KEY_UIApplicationSceneManifest_Generation[sdk=iphoneos*]" = YES;
				"INFOPLIST_KEY_UIApplicationSceneManifest_Generation[sdk=iphonesimulator*]" = YES;
				"INFOPLIST_KEY_UIApplicationSupportsIndirectInputEvents[sdk=iphoneos*]" = YES;
				"INFOPLIST_KEY_UIApplicationSupportsIndirectInputEvents[sdk=iphonesimulator*]" = YES;
				"INFOPLIST_KEY_UILaunchScreen_Generation[sdk=iphoneos*]" = YES;
				"INFOPLIST_KEY_UILaunchScreen_Generation[sdk=iphonesimulator*]" = YES;
				"INFOPLIST_KEY_UIStatusBarStyle[sdk=iphoneos*]" = UIStatusBarStyleDefault;
				"INFOPLIST_KEY_UIStatusBarStyle[sdk=iphonesimulator*]" = UIStatusBarStyleDefault;
				INFOPLIST_KEY_UISupportedInterfaceOrientations_iPad = "UIInterfaceOrientationPortrait UIInterfaceOrientationPortraitUpsideDown UIInterfaceOrientationLandscapeLeft UIInterfaceOrientationLandscapeRight";
				INFOPLIST_KEY_UISupportedInterfaceOrientations_iPhone = "UIInterfaceOrientationPortrait UIInterfaceOrientationLandscapeLeft UIInterfaceOrientationLandscapeRight";
				IPHONEOS_DEPLOYMENT_TARGET = 17.5;
				LD_RUNPATH_SEARCH_PATHS = "@executable_path/Frameworks";
				"LD_RUNPATH_SEARCH_PATHS[sdk=macosx*]" = "@executable_path/../Frameworks";
				MACOSX_DEPLOYMENT_TARGET = 14.5;
				MARKETING_VERSION = 1.0;
				PRODUCT_BUNDLE_IDENTIFIER = ai.skydom.simmath;
				PRODUCT_NAME = "$(TARGET_NAME)";
				SDKROOT = auto;
				SUPPORTED_PLATFORMS = "iphoneos iphonesimulator";
				SUPPORTS_MACCATALYST = NO;
				SWIFT_EMIT_LOC_STRINGS = YES;
				SWIFT_VERSION = 5.0;
				TARGETED_DEVICE_FAMILY = "1,2";
			};
			name = Release;
		};
		4AA6468F2C2A97D000713C7B /* Debug */ = {
			isa = XCBuildConfiguration;
			buildSettings = {
				ALWAYS_EMBED_SWIFT_STANDARD_LIBRARIES = YES;
				BUNDLE_LOADER = "$(TEST_HOST)";
				CODE_SIGN_STYLE = Automatic;
				CURRENT_PROJECT_VERSION = 1;
				GENERATE_INFOPLIST_FILE = YES;
				IPHONEOS_DEPLOYMENT_TARGET = 17.5;
				MACOSX_DEPLOYMENT_TARGET = 14.5;
				MARKETING_VERSION = 1.0;
				PRODUCT_BUNDLE_IDENTIFIER = ai.skydom.simmathTests;
				PRODUCT_NAME = "$(TARGET_NAME)";
				SDKROOT = auto;
				SUPPORTED_PLATFORMS = "iphoneos iphonesimulator macosx";
				SWIFT_EMIT_LOC_STRINGS = NO;
				SWIFT_VERSION = 5.0;
				TARGETED_DEVICE_FAMILY = "1,2";
				TEST_HOST = "$(BUILT_PRODUCTS_DIR)/simmath.app/$(BUNDLE_EXECUTABLE_FOLDER_PATH)/simmath";
			};
			name = Debug;
		};
		4AA646902C2A97D000713C7B /* Release */ = {
			isa = XCBuildConfiguration;
			buildSettings = {
				ALWAYS_EMBED_SWIFT_STANDARD_LIBRARIES = YES;
				BUNDLE_LOADER = "$(TEST_HOST)";
				CODE_SIGN_STYLE = Automatic;
				CURRENT_PROJECT_VERSION = 1;
				GENERATE_INFOPLIST_FILE = YES;
				IPHONEOS_DEPLOYMENT_TARGET = 17.5;
				MACOSX_DEPLOYMENT_TARGET = 14.5;
				MARKETING_VERSION = 1.0;
				PRODUCT_BUNDLE_IDENTIFIER = ai.skydom.simmathTests;
				PRODUCT_NAME = "$(TARGET_NAME)";
				SDKROOT = auto;
				SUPPORTED_PLATFORMS = "iphoneos iphonesimulator macosx";
				SWIFT_EMIT_LOC_STRINGS = NO;
				SWIFT_VERSION = 5.0;
				TARGETED_DEVICE_FAMILY = "1,2";
				TEST_HOST = "$(BUILT_PRODUCTS_DIR)/simmath.app/$(BUNDLE_EXECUTABLE_FOLDER_PATH)/simmath";
			};
			name = Release;
		};
		4AA646922C2A97D000713C7B /* Debug */ = {
			isa = XCBuildConfiguration;
			buildSettings = {
				ALWAYS_EMBED_SWIFT_STANDARD_LIBRARIES = YES;
				CODE_SIGN_STYLE = Automatic;
				CURRENT_PROJECT_VERSION = 1;
				GENERATE_INFOPLIST_FILE = YES;
				IPHONEOS_DEPLOYMENT_TARGET = 17.5;
				MACOSX_DEPLOYMENT_TARGET = 14.5;
				MARKETING_VERSION = 1.0;
				PRODUCT_BUNDLE_IDENTIFIER = ai.skydom.simmathUITests;
				PRODUCT_NAME = "$(TARGET_NAME)";
				SDKROOT = auto;
				SUPPORTED_PLATFORMS = "iphoneos iphonesimulator macosx";
				SWIFT_EMIT_LOC_STRINGS = NO;
				SWIFT_VERSION = 5.0;
				TARGETED_DEVICE_FAMILY = "1,2";
				TEST_TARGET_NAME = simmath;
			};
			name = Debug;
		};
		4AA646932C2A97D000713C7B /* Release */ = {
			isa = XCBuildConfiguration;
			buildSettings = {
				ALWAYS_EMBED_SWIFT_STANDARD_LIBRARIES = YES;
				CODE_SIGN_STYLE = Automatic;
				CURRENT_PROJECT_VERSION = 1;
				GENERATE_INFOPLIST_FILE = YES;
				IPHONEOS_DEPLOYMENT_TARGET = 17.5;
				MACOSX_DEPLOYMENT_TARGET = 14.5;
				MARKETING_VERSION = 1.0;
				PRODUCT_BUNDLE_IDENTIFIER = ai.skydom.simmathUITests;
				PRODUCT_NAME = "$(TARGET_NAME)";
				SDKROOT = auto;
				SUPPORTED_PLATFORMS = "iphoneos iphonesimulator macosx";
				SWIFT_EMIT_LOC_STRINGS = NO;
				SWIFT_VERSION = 5.0;
				TARGETED_DEVICE_FAMILY = "1,2";
				TEST_TARGET_NAME = simmath;
			};
			name = Release;
		};
/* End XCBuildConfiguration section */

/* Begin XCConfigurationList section */
		4AA646612C2A97CD00713C7B /* Build configuration list for PBXProject "simmath" */ = {
			isa = XCConfigurationList;
			buildConfigurations = (
				4AA646892C2A97D000713C7B /* Debug */,
				4AA6468A2C2A97D000713C7B /* Release */,
			);
			defaultConfigurationIsVisible = 0;
			defaultConfigurationName = Release;
		};
		4AA6468B2C2A97D000713C7B /* Build configuration list for PBXNativeTarget "simmath" */ = {
			isa = XCConfigurationList;
			buildConfigurations = (
				4AA6468C2C2A97D000713C7B /* Debug */,
				4AA6468D2C2A97D000713C7B /* Release */,
			);
			defaultConfigurationIsVisible = 0;
			defaultConfigurationName = Release;
		};
		4AA6468E2C2A97D000713C7B /* Build configuration list for PBXNativeTarget "simmathTests" */ = {
			isa = XCConfigurationList;
			buildConfigurations = (
				4AA6468F2C2A97D000713C7B /* Debug */,
				4AA646902C2A97D000713C7B /* Release */,
			);
			defaultConfigurationIsVisible = 0;
			defaultConfigurationName = Release;
		};
		4AA646912C2A97D000713C7B /* Build configuration list for PBXNativeTarget "simmathUITests" */ = {
			isa = XCConfigurationList;
			buildConfigurations = (
				4AA646922C2A97D000713C7B /* Debug */,
				4AA646932C2A97D000713C7B /* Release */,
			);
			defaultConfigurationIsVisible = 0;
			defaultConfigurationName = Release;
		};
/* End XCConfigurationList section */
	};
	rootObject = 4AA6465E2C2A97CD00713C7B /* Project object */;
}
